
Microsoft Visual Studio Solution File, Format Version 12.00
# Visual Studio Version 17
VisualStudioVersion = 17.11.35222.181
MinimumVisualStudioVersion = 10.0.40219.1
Project("{FAE04EC0-301F-11D3-BF4B-00C04F79EFBC}") = "NotificationsAPI", "NotificationsAPI\NotificationsAPI.csproj", "{DA63D48A-BE67-4C40-85BD-2F6A3E9C6139}"
EndProject
Global
	GlobalSection(SolutionConfigurationPlatforms) = preSolution
		Debug|Any CPU = Debug|Any CPU
		Release|Any CPU = Release|Any CPU
	EndGlobalSection
	GlobalSection(ProjectConfigurationPlatforms) = postSolution
		{DA63D48A-BE67-4C40-85BD-2F6A3E9C6139}.Debug|Any CPU.ActiveCfg = Debug|Any CPU
		{DA63D48A-BE67-4C40-85BD-2F6A3E9C6139}.Debug|Any CPU.Build.0 = Debug|Any CPU
		{DA63D48A-BE67-4C40-85BD-2F6A3E9C6139}.Release|Any CPU.ActiveCfg = Release|Any CPU
		{DA63D48A-BE67-4C40-85BD-2F6A3E9C6139}.Release|Any CPU.Build.0 = Release|Any CPU
	EndGlobalSection
	GlobalSection(SolutionProperties) = preSolution
		HideSolutionNode = FALSE
	EndGlobalSection
	GlobalSection(ExtensibilityGlobals) = postSolution
		SolutionGuid = {7B2600E5-72C0-4F3B-9ED9-5836DD5C89AF}
	EndGlobalSection
EndGlobal
